Microsoft Visual Studio Solution File, Format Version 12.00
# Visual Studio 2012
Project("{FAE04EC0-301F-11D3-BF4B-00C04F79EFBC}") = "BulletParadise", "BulletParadise.csproj", "{89FA6458-8B30-4BB5-A6E8-A0132A2AAABF}"
EndProject
Global
	GlobalSection(SolutionConfigurationPlatforms) = preSolution
	Debug|Any CPU = Debug|Any CPU
	ExportDebug|Any CPU = ExportDebug|Any CPU
	ExportRelease|Any CPU = ExportRelease|Any CPU
	EndGlobalSection
	GlobalSection(ProjectConfigurationPlatforms) = postSolution
		{89FA6458-8B30-4BB5-A6E8-A0132A2AAABF}.Debug|Any CPU.ActiveCfg = Debug|Any CPU
		{89FA6458-8B30-4BB5-A6E8-A0132A2AAABF}.Debug|Any CPU.Build.0 = Debug|Any CPU
		{89FA6458-8B30-4BB5-A6E8-A0132A2AAABF}.ExportDebug|Any CPU.ActiveCfg = ExportDebug|Any CPU
		{89FA6458-8B30-4BB5-A6E8-A0132A2AAABF}.ExportDebug|Any CPU.Build.0 = ExportDebug|Any CPU
		{89FA6458-8B30-4BB5-A6E8-A0132A2AAABF}.ExportRelease|Any CPU.ActiveCfg = ExportRelease|Any CPU
		{89FA6458-8B30-4BB5-A6E8-A0132A2AAABF}.ExportRelease|Any CPU.Build.0 = ExportRelease|Any CPU
	EndGlobalSection
EndGlobal
